// !$*UTF8*$!
{
	archiveVersion = 1;
	classes = {
	};
	objectVersion = 48;
	objects = {

/* Begin PBXBuildFile section */
		029806421FE572B2005B060D /* AppDelegate.swift in Sources */ = {isa = PBXBuildFile; fileRef = 029806411FE572B2005B060D /* AppDelegate.swift */; };
		029806441FE572B2005B060D /* ViewController.swift in Sources */ = {isa = PBXBuildFile; fileRef = 029806431FE572B2005B060D /* ViewController.swift */; };
		029806471FE572B2005B060D /* Main.storyboard in Resources */ = {isa = PBXBuildFile; fileRef = 029806451FE572B2005B060D /* Main.storyboard */; };
		029806491FE572B2005B060D /* Assets.xcassets in Resources */ = {isa = PBXBuildFile; fileRef = 029806481FE572B2005B060D /* Assets.xcassets */; };
		0298064C1FE572B2005B060D /* LaunchScreen.storyboard in Resources */ = {isa = PBXBuildFile; fileRef = 0298064A1FE572B2005B060D /* LaunchScreen.storyboard */; };
		029806541FE5801D005B060D /* Persona.swift in Sources */ = {isa = PBXBuildFile; fileRef = 029806531FE5801D005B060D /* Persona.swift */; };
/* End PBXBuildFile section */

/* Begin PBXFileReference section */
		0298063E1FE572B2005B060D /* EjemploTomarFoto.app */ = {isa = PBXFileReference; explicitFileType = wrapper.application; includeInIndex = 0; path = EjemploTomarFoto.app; sourceTree = BUILT_PRODUCTS_DIR; };
		029806411FE572B2005B060D /* AppDelegate.swift */ = {isa = PBXFileReference; lastKnownFileType = sourcecode.swift; path = AppDelegate.swift; sourceTree = "<group>"; };
		029806431FE572B2005B060D /* ViewController.swift */ = {isa = PBXFileReference; lastKnownFileType = sourcecode.swift; path = ViewController.swift; sourceTree = "<group>"; };
		029806461FE572B2005B060D /* Base */ = {isa = PBXFileReference; lastKnownFileType = file.storyboard; name = Base; path = Base.lproj/Main.storyboard; sourceTree = "<group>"; };
		029806481FE572B2005B060D /* Assets.xcassets */ = {isa = PBXFileReference; lastKnownFileType = folder.assetcatalog; path = Assets.xcassets; sourceTree = "<group>"; };
		0298064B1FE572B2005B060D /* Base */ = {isa = PBXFileReference; lastKnownFileType = file.storyboard; name = Base; path = Base.lproj/LaunchScreen.storyboard; sourceTree = "<group>"; };
		0298064D1FE572B2005B060D /* Info.plist */ = {isa = PBXFileReference; lastKnownFileType = text.plist.xml; path = Info.plist; sourceTree = "<group>"; };
		029806531FE5801D005B060D /* Persona.swift */ = {isa = PBXFileReference; lastKnownFileType = sourcecode.swift; path = Persona.swift; sourceTree = "<group>"; };
/* End PBXFileReference section */

/* Begin PBXFrameworksBuildPhase section */
		0298063B1FE572B2005B060D /* Frameworks */ = {
			isa = PBXFrameworksBuildPhase;
			buildActionMask = 2147483647;
			files = (
			);
			runOnlyForDeploymentPostprocessing = 0;
		};
/* End PBXFrameworksBuildPhase section */

/* Begin PBXGroup section */
		029806351FE572B2005B060D = {
			isa = PBXGroup;
			children = (
				029806401FE572B2005B060D /* EjemploTomarFoto */,
				0298063F1FE572B2005B060D /* Products */,
			);
			sourceTree = "<group>";
		};
		0298063F1FE572B2005B060D /* Products */ = {
			isa = PBXGroup;
			children = (
				0298063E1FE572B2005B060D /* EjemploTomarFoto.app */,
			);
			name = Products;
			sourceTree = "<group>";
		};
		029806401FE572B2005B060D /* EjemploTomarFoto */ = {
			isa = PBXGroup;
			children = (
				029806411FE572B2005B060D /* AppDelegate.swift */,
				029806431FE572B2005B060D /* ViewController.swift */,
				029806531FE5801D005B060D /* Persona.swift */,
				029806451FE572B2005B060D /* Main.storyboard */,
				029806481FE572B2005B060D /* Assets.xcassets */,
				0298064A1FE572B2005B060D /* LaunchScreen.storyboard */,
				0298064D1FE572B2005B060D /* Info.plist */,
			);
			path = EjemploTomarFoto;
			sourceTree = "<group>";
		};
/* End PBXGroup section */

/* Begin PBXNativeTarget section */
		0298063D1FE572B2005B060D /* EjemploTomarFoto */ = {
			isa = PBXNativeTarget;
			buildConfigurationList = 029806501FE572B2005B060D /* Build configuration list for PBXNativeTarget "EjemploTomarFoto" */;
			buildPhases = (
				0298063A1FE572B2005B060D /* Sources */,
				0298063B1FE572B2005B060D /* Frameworks */,
				0298063C1FE572B2005B060D /* Resources */,
			);
			buildRules = (
			);
			dependencies = (
			);
			name = EjemploTomarFoto;
			productName = EjemploTomarFoto;
			productReference = 0298063E1FE572B2005B060D /* EjemploTomarFoto.app */;
			productType = "com.apple.product-type.application";
		};
/* End PBXNativeTarget section */

/* Begin PBXProject section */
		029806361FE572B2005B060D /* Project object */ = {
			isa = PBXProject;
			attributes = {
				LastSwiftUpdateCheck = 0910;
				LastUpgradeCheck = 0910;
				ORGANIZATIONNAME = MobileStudio;
				TargetAttributes = {
					0298063D1FE572B2005B060D = {
						CreatedOnToolsVersion = 9.1;
						ProvisioningStyle = Automatic;
					};
				};
			};
			buildConfigurationList = 029806391FE572B2005B060D /* Build configuration list for PBXProject "EjemploTomarFoto" */;
			compatibilityVersion = "Xcode 8.0";
			developmentRegion = en;
			hasScannedForEncodings = 0;
			knownRegions = (
				en,
				Base,
			);
			mainGroup = 029806351FE572B2005B060D;
			productRefGroup = 0298063F1FE572B2005B060D /* Products */;
			projectDirPath = "";
			projectRoot = "";
			targets = (
				0298063D1FE572B2005B060D /* EjemploTomarFoto */,
			);
		};
/* End PBXProject section */

/* Begin PBXResourcesBuildPhase section */
		0298063C1FE572B2005B060D /* Resources */ = {
			isa = PBXResourcesBuildPhase;
			buildActionMask = 2147483647;
			files = (
				0298064C1FE572B2005B060D /* LaunchScreen.storyboard in Resources */,
				029806491FE572B2005B060D /* Assets.xcassets in Resources */,
				029806471FE572B2005B060D /* Main.storyboard in Resources */,
			);
			runOnlyForDeploymentPostprocessing = 0;
		};
/* End PBXResourcesBuildPhase section */

/* Begin PBXSourcesBuildPhase section */
		0298063A1FE572B2005B060D /* Sources */ = {
			isa = PBXSourcesBuildPhase;
			buildActionMask = 2147483647;
			files = (
				029806541FE5801D005B060D /* Persona.swift in Sources */,
				029806441FE572B2005B060D /* ViewController.swift in Sources */,
				029806421FE572B2005B060D /* AppDelegate.swift in Sources */,
			);
			runOnlyForDeploymentPostprocessing = 0;
		};
/* End PBXSourcesBuildPhase section */

/* Begin PBXVariantGroup section */
		029806451FE572B2005B060D /* Main.storyboard */ = {
			isa = PBXVariantGroup;
			children = (
				029806461FE572B2005B060D /* Base */,
			);
			name = Main.storyboard;
			sourceTree = "<group>";
		};
		0298064A1FE572B2005B060D /* LaunchScreen.storyboard */ = {
			isa = PBXVariantGroup;
			children = (
				0298064B1FE572B2005B060D /* Base */,
			);
			name = LaunchScreen.storyboard;
			sourceTree = "<group>";
		};
/* End PBXVariantGroup section */

/* Begin XCBuildConfiguration section */
		0298064E1FE572B2005B060D /* Debug */ = {
			isa = XCBuildConfiguration;
			buildSettings = {
				ALWAYS_SEARCH_USER_PATHS = NO;
				CLANG_ANALYZER_NONNULL = YES;
				CLANG_ANALYZER_NUMBER_OBJECT_CONVERSION = YES_AGGRESSIVE;
				CLANG_CXX_LANGUAGE_STANDARD = "gnu++14";
				CLANG_CXX_LIBRARY = "libc++";
				CLANG_ENABLE_MODULES = YES;
				CLANG_ENABLE_OBJC_ARC = YES;
				CLANG_WARN_BLOCK_CAPTURE_AUTORELEASING = YES;
				CLANG_WARN_BOOL_CONVERSION = YES;
				CLANG_WARN_COMMA = YES;
				CLANG_WARN_CONSTANT_CONVERSION = YES;
				CLANG_WARN_DIRECT_OBJC_ISA_USAGE = YES_ERROR;
				CLANG_WARN_DOCUMENTATION_COMMENTS = YES;
				CLANG_WARN_EMPTY_BODY = YES;
				CLANG_WARN_ENUM_CONVERSION = YES;
				CLANG_WARN_INFINITE_RECURSION = YES;
				CLANG_WARN_INT_CONVERSION = YES;
				CLANG_WARN_NON_LITERAL_NULL_CONVERSION = YES;
				CLANG_WARN_OBJC_LITERAL_CONVERSION = YES;
				CLANG_WARN_OBJC_ROOT_CLASS = YES_ERROR;
				CLANG_WARN_RANGE_LOOP_ANALYSIS = YES;
				CLANG_WARN_STRICT_PROTOTYPES = YES;
				CLANG_WARN_SUSPICIOUS_MOVE = YES;
				CLANG_WARN_UNGUARDED_AVAILABILITY = YES_AGGRESSIVE;
				CLANG_WARN_UNREACHABLE_CODE = YES;
				CLANG_WARN__DUPLICATE_METHOD_MATCH = YES;
				CODE_SIGN_IDENTITY = "iPhone Developer";
				COPY_PHASE_STRIP = NO;
				DEBUG_INFORMATION_FORMAT = dwarf;
				ENABLE_STRICT_OBJC_MSGSEND = YES;
				ENABLE_TESTABILITY = YES;
				GCC_C_LANGUAGE_STANDARD = gnu11;
				GCC_DYNAMIC_NO_PIC = NO;
				GCC_NO_COMMON_BLOCKS = YES;
				GCC_OPTIMIZATION_LEVEL = 0;
				GCC_PREPROCESSOR_DEFINITIONS = (
					"DEBUG=1",
					"$(inherited)",
				);
				GCC_WARN_64_TO_32_BIT_CONVERSION = YES;
				GCC_WARN_ABOUT_RETURN_TYPE = YES_ERROR;
				GCC_WARN_UNDECLARED_SELECTOR = YES;
				GCC_WARN_UNINITIALIZED_AUTOS = YES_AGGRESSIVE;
				GCC_WARN_UNUSED_FUNCTION = YES;
				GCC_WARN_UNUSED_VARIABLE = YES;
				IPHONEOS_DEPLOYMENT_TARGET = 11.1;
				MTL_ENABLE_DEBUG_INFO = YES;
				ONLY_ACTIVE_ARCH = YES;
				SDKROOT = iphoneos;
				SWIFT_ACTIVE_COMPILATION_CONDITIONS = DEBUG;
				SWIFT_OPTIMIZATION_LEVEL = "-Onone";
			};
			name = Debug;
		};
		0298064F1FE572B2005B060D /* Release */ = {
			isa = XCBuildConfiguration;
			buildSettings = {
				ALWAYS_SEARCH_USER_PATHS = NO;
				CLANG_ANALYZER_NONNULL = YES;
				CLANG_ANALYZER_NUMBER_OBJECT_CONVERSION = YES_AGGRESSIVE;
				CLANG_CXX_LANGUAGE_STANDARD = "gnu++14";
				CLANG_CXX_LIBRARY = "libc++";
				CLANG_ENABLE_MODULES = YES;
				CLANG_ENABLE_OBJC_ARC = YES;
				CLANG_WARN_BLOCK_CAPTURE_AUTORELEASING = YES;
				CLANG_WARN_BOOL_CONVERSION = YES;
				CLANG_WARN_COMMA = YES;
				CLANG_WARN_CONSTANT_CONVERSION = YES;
				CLANG_WARN_DIRECT_OBJC_ISA_USAGE = YES_ERROR;
				CLANG_WARN_DOCUMENTATION_COMMENTS = YES;
				CLANG_WARN_EMPTY_BODY = YES;
				CLANG_WARN_ENUM_CONVERSION = YES;
				CLANG_WARN_INFINITE_RECURSION = YES;
				CLANG_WARN_INT_CONVERSION = YES;
				CLANG_WARN_NON_LITERAL_NULL_CONVERSION = YES;
				CLANG_WARN_OBJC_LITERAL_CONVERSION = YES;
				CLANG_WARN_OBJC_ROOT_CLASS = YES_ERROR;
				CLANG_WARN_RANGE_LOOP_ANALYSIS = YES;
				CLANG_WARN_STRICT_PROTOTYPES = YES;
				CLANG_WARN_SUSPICIOUS_MOVE = YES;
				CLANG_WARN_UNGUARDED_AVAILABILITY = YES_AGGRESSIVE;
				CLANG_WARN_UNREACHABLE_CODE = YES;
				CLANG_WARN__DUPLICATE_METHOD_MATCH = YES;
				CODE_SIGN_IDENTITY = "iPhone Developer";
				COPY_PHASE_STRIP = NO;
				DEBUG_INFORMATION_FORMAT = "dwarf-with-dsym";
				ENABLE_NS_ASSERTIONS = NO;
				ENABLE_STRICT_OBJC_MSGSEND = YES;
				GCC_C_LANGUAGE_STANDARD = gnu11;
				GCC_NO_COMMON_BLOCKS = YES;
				GCC_WARN_64_TO_32_BIT_CONVERSION = YES;
				GCC_WARN_ABOUT_RETURN_TYPE = YES_ERROR;
				GCC_WARN_UNDECLARED_SELECTOR = YES;
				GCC_WARN_UNINITIALIZED_AUTOS = YES_AGGRESSIVE;
				GCC_WARN_UNUSED_FUNCTION = YES;
				GCC_WARN_UNUSED_VARIABLE = YES;
				IPHONEOS_DEPLOYMENT_TARGET = 11.1;
				MTL_ENABLE_DEBUG_INFO = NO;
				SDKROOT = iphoneos;
				SWIFT_OPTIMIZATION_LEVEL = "-Owholemodule";
				VALIDATE_PRODUCT = YES;
			};
			name = Release;
		};
		029806511FE572B2005B060D /* Debug */ = {
			isa = XCBuildConfiguration;
			buildSettings = {
				ASSETCATALOG_COMPILER_APPICON_NAME = AppIcon;
				CODE_SIGN_STYLE = Automatic;
				INFOPLIST_FILE = EjemploTomarFoto/Info.plist;
				LD_RUNPATH_SEARCH_PATHS = "$(inherited) @executable_path/Frameworks";
				PRODUCT_BUNDLE_IDENTIFIER = com.angelesjelena.EjemploTomarFoto;
				PRODUCT_NAME = "$(TARGET_NAME)";
				SWIFT_VERSION = 4.0;
				TARGETED_DEVICE_FAMILY = "1,2";
			};
			name = Debug;
		};
		029806521FE572B2005B060D /* Release */ = {
			isa = XCBuildConfiguration;
			buildSettings = {
				ASSETCATALOG_COMPILER_APPICON_NAME = AppIcon;
				CODE_SIGN_STYLE = Automatic;
				INFOPLIST_FILE = EjemploTomarFoto/Info.plist;
				LD_RUNPATH_SEARCH_PATHS = "$(inherited) @executable_path/Frameworks";
				PRODUCT_BUNDLE_IDENTIFIER = com.angelesjelena.EjemploTomarFoto;
				PRODUCT_NAME = "$(TARGET_NAME)";
				SWIFT_VERSION = 4.0;
				TARGETED_DEVICE_FAMILY = "1,2";
			};
			name = Release;
		};
/* End XCBuildConfiguration section */

/* Begin XCConfigurationList section */
		029806391FE572B2005B060D /* Build configuration list for PBXProject "EjemploTomarFoto" */ = {
			isa = XCConfigurationList;
			buildConfigurations = (
				0298064E1FE572B2005B060D /* Debug */,
				0298064F1FE572B2005B060D /* Release */,
			);
			defaultConfigurationIsVisible = 0;
			defaultConfigurationName = Release;
		};
		029806501FE572B2005B060D /* Build configuration list for PBXNativeTarget "EjemploTomarFoto" */ = {
			isa = XCConfigurationList;
			buildConfigurations = (
				029806511FE572B2005B060D /* Debug */,
				029806521FE572B2005B060D /* Release */,
			);
			defaultConfigurationIsVisible = 0;
			defaultConfigurationName = Release;
		};
/* End XCConfigurationList section */
	};
	rootObject = 029806361FE572B2005B060D /* Project object */;
}
